
Microsoft Visual Studio Solution File, Format Version 12.00
# Visual Studio Version 17
VisualStudioVersion = 17.11.35327.3
MinimumVisualStudioVersion = 10.0.40219.1
Project("{9A19103F-16F7-4668-BE54-9A1E7A4F7556}") = "Zadachi", "Zadachi\Zadachi.csproj", "{C79D12B9-7D32-4429-A23F-608F7297EE0E}"
EndProject
Project("{E53339B2-1760-4266-BCC7-CA923CBCF16C}") = "docker-compose", "docker-compose.dcproj", "{DCA40470-EB7F-4999-980B-02DE080A5722}"
EndProject
Global
	GlobalSection(SolutionConfigurationPlatforms) = preSolution
		Debug|Any CPU = Debug|Any CPU
		Release|Any CPU = Release|Any CPU
	EndGlobalSection
	GlobalSection(ProjectConfigurationPlatforms) = postSolution
		{C79D12B9-7D32-4429-A23F-608F7297EE0E}.Debug|Any CPU.ActiveCfg = Debug|Any CPU
		{C79D12B9-7D32-4429-A23F-608F7297EE0E}.Debug|Any CPU.Build.0 = Debug|Any CPU
		{C79D12B9-7D32-4429-A23F-608F7297EE0E}.Release|Any CPU.ActiveCfg = Release|Any CPU
		{C79D12B9-7D32-4429-A23F-608F7297EE0E}.Release|Any CPU.Build.0 = Release|Any CPU
		{DCA40470-EB7F-4999-980B-02DE080A5722}.Debug|Any CPU.ActiveCfg = Debug|Any CPU
		{DCA40470-EB7F-4999-980B-02DE080A5722}.Debug|Any CPU.Build.0 = Debug|Any CPU
		{DCA40470-EB7F-4999-980B-02DE080A5722}.Release|Any CPU.ActiveCfg = Release|Any CPU
		{DCA40470-EB7F-4999-980B-02DE080A5722}.Release|Any CPU.Build.0 = Release|Any CPU
	EndGlobalSection
	GlobalSection(SolutionProperties) = preSolution
		HideSolutionNode = FALSE
	EndGlobalSection
	GlobalSection(ExtensibilityGlobals) = postSolution
		SolutionGuid = {CFC1E8D8-248C-42F1-99DB-241C86D82B2D}
	EndGlobalSection
EndGlobal
